
Microsoft Visual Studio Solution File, Format Version 12.00
# Visual Studio Version 17
VisualStudioVersion = 17.8.34330.188
MinimumVisualStudioVersion = 10.0.40219.1
Project("{FAE04EC0-301F-11D3-BF4B-00C04F79EFBC}") = "DreamTravel", "DreamTravel\DreamTravel.csproj", "{E3548327-6B25-4D53-8426-EE3CC8374393}"
EndProject
Global
	GlobalSection(SolutionConfigurationPlatforms) = preSolution
		Debug|Any CPU = Debug|Any CPU
		Release|Any CPU = Release|Any CPU
	EndGlobalSection
	GlobalSection(ProjectConfigurationPlatforms) = postSolution
		{E3548327-6B25-4D53-8426-EE3CC8374393}.Debug|Any CPU.ActiveCfg = Debug|Any CPU
		{E3548327-6B25-4D53-8426-EE3CC8374393}.Debug|Any CPU.Build.0 = Debug|Any CPU
		{E3548327-6B25-4D53-8426-EE3CC8374393}.Release|Any CPU.ActiveCfg = Release|Any CPU
		{E3548327-6B25-4D53-8426-EE3CC8374393}.Release|Any CPU.Build.0 = Release|Any CPU
	EndGlobalSection
	GlobalSection(SolutionProperties) = preSolution
		HideSolutionNode = FALSE
	EndGlobalSection
	GlobalSection(ExtensibilityGlobals) = postSolution
		SolutionGuid = {C6C52139-EA97-42AF-81C5-152A74ADAE0B}
	EndGlobalSection
EndGlobal
